{
  "name": "polyxml-transit-examples",
  "version": "1.0.0",
  "lockfileVersion": 3,
  "requires": true,
  "packages": {
    "": {
      "name": "polyxml-transit-examples",
      "version": "1.0.0",
      "dependencies": {
        "@polyxml/wasm": "^0.23.3",
        "zod": "^3.23.8"
      }
    },
    "node_modules/@polyxml/wasm": {
      "version": "0.23.3",
      "resolved": "https://registry.npmjs.org/@polyxml/wasm/-/wasm-0.23.3.tgz",
      "integrity": "sha512-Etq83jx4tGlrIC1WfKDmxwA4qchZiNN1M2qvgJOYCXvKPe2Zs8Tbwbxjen7ve8zmEYqqG43VGCuVamcfgZEqtw==",
      "license": "MIT"
    },
    "node_modules/zod": {
      "version": "3.25.76",
      "resolved": "https://registry.npmjs.org/zod/-/zod-3.25.76.tgz",
      "integrity": "sha512-gzUt/qt81nXsFGKIFcC3YnfEAx5NkunCfnDlvuBSSFS02bcXu4Lmea0AFIUwbLWxWPx3d9p8S5QoaujKcNQxcQ==",
      "license": "MIT",
      "funding": {
        "url": "https://github.com/sponsors/colinhacks"
      }
    }
  }
}
